
Microsoft Visual Studio Solution File, Format Version 12.00
# Visual Studio Version 16
VisualStudioVersion = 16.0.31321.278
MinimumVisualStudioVersion = 10.0.40219.1
Project("{9A19103F-16F7-4668-BE54-9A1E7A4F7556}") = "ConsoleApp3", "ConsoleApp3\ConsoleApp3.csproj", "{1752CF7E-C1B7-4BC6-97EC-E668EC0723C4}"
EndProject
Project("{FAE04EC0-301F-11D3-BF4B-00C04F79EFBC}") = "ConsoleApp1", "ConsoleApp1\ConsoleApp1.csproj", "{F1ACFFE5-7C7B-4EAC-A000-E7F63C6D38DC}"
EndProject
Global
	GlobalSection(SolutionConfigurationPlatforms) = preSolution
		Debug|Any CPU = Debug|Any CPU
		Release|Any CPU = Release|Any CPU
	EndGlobalSection
	GlobalSection(ProjectConfigurationPlatforms) = postSolution
		{1752CF7E-C1B7-4BC6-97EC-E668EC0723C4}.Debug|Any CPU.ActiveCfg = Debug|Any CPU
		{1752CF7E-C1B7-4BC6-97EC-E668EC0723C4}.Debug|Any CPU.Build.0 = Debug|Any CPU
		{1752CF7E-C1B7-4BC6-97EC-E668EC0723C4}.Release|Any CPU.ActiveCfg = Release|Any CPU
		{1752CF7E-C1B7-4BC6-97EC-E668EC0723C4}.Release|Any CPU.Build.0 = Release|Any CPU
		{F1ACFFE5-7C7B-4EAC-A000-E7F63C6D38DC}.Debug|Any CPU.ActiveCfg = Debug|Any CPU
		{F1ACFFE5-7C7B-4EAC-A000-E7F63C6D38DC}.Debug|Any CPU.Build.0 = Debug|Any CPU
		{F1ACFFE5-7C7B-4EAC-A000-E7F63C6D38DC}.Release|Any CPU.ActiveCfg = Release|Any CPU
		{F1ACFFE5-7C7B-4EAC-A000-E7F63C6D38DC}.Release|Any CPU.Build.0 = Release|Any CPU
	EndGlobalSection
	GlobalSection(SolutionProperties) = preSolution
		HideSolutionNode = FALSE
	EndGlobalSection
	GlobalSection(ExtensibilityGlobals) = postSolution
		SolutionGuid = {69EB02E2-B09E-4503-B421-D8BB545CB531}
	EndGlobalSection
EndGlobal
